
Microsoft Visual Studio Solution File, Format Version 12.00
# Visual Studio Version 17
VisualStudioVersion = 17.6.33829.357
MinimumVisualStudioVersion = 10.0.40219.1
Project("{9A19103F-16F7-4668-BE54-9A1E7A4F7556}") = "Api", "Ecclesia\Api.csproj", "{69DDCE0D-4AF3-4F61-BBB9-F6B531134007}"
EndProject
Project("{9A19103F-16F7-4668-BE54-9A1E7A4F7556}") = "Domain", "Domain\Domain.csproj", "{B0713725-1C17-49F1-8DC6-FA8BC70CB522}"
EndProject
Project("{9A19103F-16F7-4668-BE54-9A1E7A4F7556}") = "Repository", "Repository\Repository.csproj", "{4A713843-BD36-4C2E-AE89-1E999F143B76}"
EndProject
Project("{9A19103F-16F7-4668-BE54-9A1E7A4F7556}") = "Service", "Service\Service.csproj", "{6E9792A2-04CA-44C6-8159-AE963908211E}"
EndProject
Global
	GlobalSection(SolutionConfigurationPlatforms) = preSolution
		Debug|Any CPU = Debug|Any CPU
		Release|Any CPU = Release|Any CPU
	EndGlobalSection
	GlobalSection(ProjectConfigurationPlatforms) = postSolution
		{69DDCE0D-4AF3-4F61-BBB9-F6B531134007}.Debug|Any CPU.ActiveCfg = Debug|Any CPU
		{69DDCE0D-4AF3-4F61-BBB9-F6B531134007}.Debug|Any CPU.Build.0 = Debug|Any CPU
		{69DDCE0D-4AF3-4F61-BBB9-F6B531134007}.Release|Any CPU.ActiveCfg = Release|Any CPU
		{69DDCE0D-4AF3-4F61-BBB9-F6B531134007}.Release|Any CPU.Build.0 = Release|Any CPU
		{B0713725-1C17-49F1-8DC6-FA8BC70CB522}.Debug|Any CPU.ActiveCfg = Debug|Any CPU
		{B0713725-1C17-49F1-8DC6-FA8BC70CB522}.Debug|Any CPU.Build.0 = Debug|Any CPU
		{B0713725-1C17-49F1-8DC6-FA8BC70CB522}.Release|Any CPU.ActiveCfg = Release|Any CPU
		{B0713725-1C17-49F1-8DC6-FA8BC70CB522}.Release|Any CPU.Build.0 = Release|Any CPU
		{4A713843-BD36-4C2E-AE89-1E999F143B76}.Debug|Any CPU.ActiveCfg = Debug|Any CPU
		{4A713843-BD36-4C2E-AE89-1E999F143B76}.Debug|Any CPU.Build.0 = Debug|Any CPU
		{4A713843-BD36-4C2E-AE89-1E999F143B76}.Release|Any CPU.ActiveCfg = Release|Any CPU
		{4A713843-BD36-4C2E-AE89-1E999F143B76}.Release|Any CPU.Build.0 = Release|Any CPU
		{6E9792A2-04CA-44C6-8159-AE963908211E}.Debug|Any CPU.ActiveCfg = Debug|Any CPU
		{6E9792A2-04CA-44C6-8159-AE963908211E}.Debug|Any CPU.Build.0 = Debug|Any CPU
		{6E9792A2-04CA-44C6-8159-AE963908211E}.Release|Any CPU.ActiveCfg = Release|Any CPU
		{6E9792A2-04CA-44C6-8159-AE963908211E}.Release|Any CPU.Build.0 = Release|Any CPU
	EndGlobalSection
	GlobalSection(SolutionProperties) = preSolution
		HideSolutionNode = FALSE
	EndGlobalSection
	GlobalSection(ExtensibilityGlobals) = postSolution
		SolutionGuid = {06A05BFC-BF5F-47E0-8E25-DA27156245D7}
	EndGlobalSection
EndGlobal
